
Microsoft Visual Studio Solution File, Format Version 12.00
# Visual Studio 15
VisualStudioVersion = 15.0.27004.2005
MinimumVisualStudioVersion = 10.0.40219.1
Project("{FAE04EC0-301F-11D3-BF4B-00C04F79EFBC}") = "ReactComments", "ReactComments\ReactComments.csproj", "{E921B3B2-697C-4C7E-B146-F86AF5DFB168}"
EndProject
Global
	GlobalSection(SolutionConfigurationPlatforms) = preSolution
		Debug|Any CPU = Debug|Any CPU
		Release|Any CPU = Release|Any CPU
	EndGlobalSection
	GlobalSection(ProjectConfigurationPlatforms) = postSolution
		{E921B3B2-697C-4C7E-B146-F86AF5DFB168}.Debug|Any CPU.ActiveCfg = Debug|Any CPU
		{E921B3B2-697C-4C7E-B146-F86AF5DFB168}.Debug|Any CPU.Build.0 = Debug|Any CPU
		{E921B3B2-697C-4C7E-B146-F86AF5DFB168}.Release|Any CPU.ActiveCfg = Release|Any CPU
		{E921B3B2-697C-4C7E-B146-F86AF5DFB168}.Release|Any CPU.Build.0 = Release|Any CPU
	EndGlobalSection
	GlobalSection(SolutionProperties) = preSolution
		HideSolutionNode = FALSE
	EndGlobalSection
	GlobalSection(ExtensibilityGlobals) = postSolution
		SolutionGuid = {576B67DB-7776-4477-931A-D50A77F97368}
	EndGlobalSection
EndGlobal
